
Microsoft Visual Studio Solution File, Format Version 12.00
# Visual Studio Version 17
VisualStudioVersion = 17.6.33815.320
MinimumVisualStudioVersion = 10.0.40219.1
Project("{FAE04EC0-301F-11D3-BF4B-00C04F79EFBC}") = "Sum of positive", "Sum of positive.csproj", "{14C7B65B-5A9D-4673-B18B-8217C78FD73D}"
EndProject
Global
	GlobalSection(SolutionConfigurationPlatforms) = preSolution
		Debug|Any CPU = Debug|Any CPU
		Release|Any CPU = Release|Any CPU
	EndGlobalSection
	GlobalSection(ProjectConfigurationPlatforms) = postSolution
		{14C7B65B-5A9D-4673-B18B-8217C78FD73D}.Debug|Any CPU.ActiveCfg = Debug|Any CPU
		{14C7B65B-5A9D-4673-B18B-8217C78FD73D}.Debug|Any CPU.Build.0 = Debug|Any CPU
		{14C7B65B-5A9D-4673-B18B-8217C78FD73D}.Release|Any CPU.ActiveCfg = Release|Any CPU
		{14C7B65B-5A9D-4673-B18B-8217C78FD73D}.Release|Any CPU.Build.0 = Release|Any CPU
	EndGlobalSection
	GlobalSection(SolutionProperties) = preSolution
		HideSolutionNode = FALSE
	EndGlobalSection
	GlobalSection(ExtensibilityGlobals) = postSolution
		SolutionGuid = {EEB087E5-2010-4BE9-AED4-46CD29429499}
	EndGlobalSection
EndGlobal
